# This file is automatically @generated by Cargo.
# It is not intended for manual editing.
version = 3

[[package]]
name = "assert-json-diff"
version = "2.0.2"
source = "registry+https://github.com/rust-lang/crates.io-index"
checksum = "47e4f2b81832e72834d7518d8487a0396a28cc408186a2e8854c0f98011faf12"
dependencies = [
 "serde",
 "serde_json",
]

[[package]]
name = "ast"
version = "0.1.0"
dependencies = [
 "serde",
 "serde_json",
]

[[package]]
name = "autocfg"
version = "1.1.0"
source = "registry+https://github.com/rust-lang/crates.io-index"
checksum = "d468802bab17cbc0cc575e9b053f41e72aa36bfa6b7f55e3529ffa43161b97fa"

[[package]]
name = "cbitset"
version = "0.2.0"
source = "registry+https://github.com/rust-lang/crates.io-index"
checksum = "29b6ad25ae296159fb0da12b970b2fe179b234584d7cd294c891e2bbb284466b"
dependencies = [
 "num-traits",
]

[[package]]
name = "cc"
version = "1.0.73"
source = "registry+https://github.com/rust-lang/crates.io-index"
checksum = "2fff2a6927b3bb87f9595d67196a70493f627687a71d87a0d692242c33f58c11"

[[package]]
name = "countme"
version = "3.0.1"
source = "registry+https://github.com/rust-lang/crates.io-index"
checksum = "7704b5fdd17b18ae31c4c1da5a2e0305a2bf17b5249300a9ee9ed7b72114c636"

[[package]]
name = "either"
version = "1.7.0"
source = "registry+https://github.com/rust-lang/crates.io-index"
checksum = "3f107b87b6afc2a64fd13cac55fe06d6c8859f12d4b14cbcdd2c67d0976781be"

[[package]]
name = "hashbrown"
version = "0.12.2"
source = "registry+https://github.com/rust-lang/crates.io-index"
checksum = "607c8a29735385251a339424dd462993c0fed8fa09d378f259377df08c126022"

[[package]]
name = "indoc"
version = "1.0.6"
source = "registry+https://github.com/rust-lang/crates.io-index"
checksum = "05a0bd019339e5d968b37855180087b7b9d512c5046fbd244cf8c95687927d6e"

[[package]]
name = "itertools"
version = "0.10.3"
source = "registry+https://github.com/rust-lang/crates.io-index"
checksum = "a9a9d19fa1e79b6215ff29b9d6880b706147f16e9b1dbb1e4e5947b5b02bc5e3"
dependencies = [
 "either",
]

[[package]]
name = "itoa"
version = "1.0.2"
source = "registry+https://github.com/rust-lang/crates.io-index"
checksum = "112c678d4050afce233f4f2852bb2eb519230b3cf12f33585275537d7e41578d"

[[package]]
name = "libc"
version = "0.2.126"
source = "registry+https://github.com/rust-lang/crates.io-index"
checksum = "349d5a591cd28b49e1d1037471617a32ddcda5731b99419008085f72d5a53836"

[[package]]
name = "memoffset"
version = "0.6.5"
source = "registry+https://github.com/rust-lang/crates.io-index"
checksum = "5aa361d4faea93603064a027415f07bd8e1d5c88c9fbf68bf56a285428fd79ce"
dependencies = [
 "autocfg",
]

[[package]]
name = "num-traits"
version = "0.2.15"
source = "registry+https://github.com/rust-lang/crates.io-index"
checksum = "578ede34cf02f8924ab9447f50c28075b4d3e5b269972345e7e0372b38c6cdcd"
dependencies = [
 "autocfg",
]

[[package]]
name = "parser_tester"
version = "0.1.0"
dependencies = [
 "assert-json-diff",
 "indoc",
 "paste",
 "ref_impl_parser",
 "rnix_ast",
 "rnix_normalize",
 "serde_json",
]

[[package]]
name = "paste"
version = "1.0.7"
source = "registry+https://github.com/rust-lang/crates.io-index"
checksum = "0c520e05135d6e763148b6426a837e239041653ba7becd2e538c076c738025fc"

[[package]]
name = "proc-macro2"
version = "1.0.40"
source = "registry+https://github.com/rust-lang/crates.io-index"
checksum = "dd96a1e8ed2596c337f8eae5f24924ec83f5ad5ab21ea8e455d3566c69fbcaf7"
dependencies = [
 "unicode-ident",
]

[[package]]
name = "quote"
version = "1.0.20"
source = "registry+https://github.com/rust-lang/crates.io-index"
checksum = "3bcdf212e9776fbcb2d23ab029360416bb1706b1aea2d1a5ba002727cbcab804"
dependencies = [
 "proc-macro2",
]

[[package]]
name = "ref_impl_parser"
version = "0.1.0"
dependencies = [
 "cc",
 "libc",
]

[[package]]
name = "rnix"
version = "0.11.0-dev"
dependencies = [
 "cbitset",
 "rowan",
]

[[package]]
name = "rnix_ast"
version = "0.1.0"
dependencies = [
 "rnix",
]

[[package]]
name = "rnix_normalize"
version = "0.1.0"
dependencies = [
 "ast",
 "itertools",
 "rnix_ast",
]

[[package]]
name = "rowan"
version = "0.15.6"
source = "registry+https://github.com/rust-lang/crates.io-index"
checksum = "cf980f4bf24d4ea266da37ce8f0e6bfd6eaf06120dcfba53c3e2ad6bdfe5f32b"
dependencies = [
 "countme",
 "hashbrown",
 "memoffset",
 "rustc-hash",
 "text-size",
]

[[package]]
name = "rustc-hash"
version = "1.1.0"
source = "registry+https://github.com/rust-lang/crates.io-index"
checksum = "08d43f7aa6b08d49f382cde6a7982047c3426db949b1424bc4b7ec9ae12c6ce2"

[[package]]
name = "ryu"
version = "1.0.10"
source = "registry+https://github.com/rust-lang/crates.io-index"
checksum = "f3f6f92acf49d1b98f7a81226834412ada05458b7364277387724a237f062695"

[[package]]
name = "serde"
version = "1.0.139"
source = "registry+https://github.com/rust-lang/crates.io-index"
checksum = "0171ebb889e45aa68b44aee0859b3eede84c6f5f5c228e6f140c0b2a0a46cad6"
dependencies = [
 "serde_derive",
]

[[package]]
name = "serde_derive"
version = "1.0.139"
source = "registry+https://github.com/rust-lang/crates.io-index"
checksum = "dc1d3230c1de7932af58ad8ffbe1d784bd55efd5a9d84ac24f69c72d83543dfb"
dependencies = [
 "proc-macro2",
 "quote",
 "syn",
]

[[package]]
name = "serde_json"
version = "1.0.82"
source = "registry+https://github.com/rust-lang/crates.io-index"
checksum = "82c2c1fdcd807d1098552c5b9a36e425e42e9fbd7c6a37a8425f390f781f7fa7"
dependencies = [
 "itoa",
 "ryu",
 "serde",
]

[[package]]
name = "syn"
version = "1.0.98"
source = "registry+https://github.com/rust-lang/crates.io-index"
checksum = "c50aef8a904de4c23c788f104b7dddc7d6f79c647c7c8ce4cc8f73eb0ca773dd"
dependencies = [
 "proc-macro2",
 "quote",
 "unicode-ident",
]

[[package]]
name = "text-size"
version = "1.1.0"
source = "registry+https://github.com/rust-lang/crates.io-index"
checksum = "288cb548dbe72b652243ea797201f3d481a0609a967980fcc5b2315ea811560a"

[[package]]
name = "tools"
version = "0.1.0"
dependencies = [
 "ref_impl_parser",
 "rnix",
 "rnix_ast",
 "rnix_normalize",
 "serde_json",
]

[[package]]
name = "unicode-ident"
version = "1.0.1"
source = "registry+https://github.com/rust-lang/crates.io-index"
checksum = "5bd2fe26506023ed7b5e1e315add59d6f584c621d037f9368fea9cfb988f368c"
